
Microsoft Visual Studio Solution File, Format Version 12.00
# Visual Studio 15
VisualStudioVersion = 15.0.26124.0
MinimumVisualStudioVersion = 15.0.26124.0
Project("{FAE04EC0-301F-11D3-BF4B-00C04F79EFBC}") = "CreatePhNum", "CreatePhNum\CreatePhNum.csproj", "{C7E3AD71-666D-4685-A75B-9A9811E06274}"
EndProject
Project("{FAE04EC0-301F-11D3-BF4B-00C04F79EFBC}") = "CreatePhNum.Tests", "CreatePhNum.Tests\CreatePhNum.Tests.csproj", "{0AEBF2AA-5547-4714-88C1-6F8016349926}"
EndProject
Global
	GlobalSection(SolutionConfigurationPlatforms) = preSolution
		Debug|Any CPU = Debug|Any CPU
		Debug|x64 = Debug|x64
		Debug|x86 = Debug|x86
		Release|Any CPU = Release|Any CPU
		Release|x64 = Release|x64
		Release|x86 = Release|x86
	EndGlobalSection
	GlobalSection(SolutionProperties) = preSolution
		HideSolutionNode = FALSE
	EndGlobalSection
	GlobalSection(ProjectConfigurationPlatforms) = postSolution
		{C7E3AD71-666D-4685-A75B-9A9811E06274}.Debug|Any CPU.ActiveCfg = Debug|Any CPU
		{C7E3AD71-666D-4685-A75B-9A9811E06274}.Debug|Any CPU.Build.0 = Debug|Any CPU
		{C7E3AD71-666D-4685-A75B-9A9811E06274}.Debug|x64.ActiveCfg = Debug|Any CPU
		{C7E3AD71-666D-4685-A75B-9A9811E06274}.Debug|x64.Build.0 = Debug|Any CPU
		{C7E3AD71-666D-4685-A75B-9A9811E06274}.Debug|x86.ActiveCfg = Debug|Any CPU
		{C7E3AD71-666D-4685-A75B-9A9811E06274}.Debug|x86.Build.0 = Debug|Any CPU
		{C7E3AD71-666D-4685-A75B-9A9811E06274}.Release|Any CPU.ActiveCfg = Release|Any CPU
		{C7E3AD71-666D-4685-A75B-9A9811E06274}.Release|Any CPU.Build.0 = Release|Any CPU
		{C7E3AD71-666D-4685-A75B-9A9811E06274}.Release|x64.ActiveCfg = Release|Any CPU
		{C7E3AD71-666D-4685-A75B-9A9811E06274}.Release|x64.Build.0 = Release|Any CPU
		{C7E3AD71-666D-4685-A75B-9A9811E06274}.Release|x86.ActiveCfg = Release|Any CPU
		{C7E3AD71-666D-4685-A75B-9A9811E06274}.Release|x86.Build.0 = Release|Any CPU
		{0AEBF2AA-5547-4714-88C1-6F8016349926}.Debug|Any CPU.ActiveCfg = Debug|Any CPU
		{0AEBF2AA-5547-4714-88C1-6F8016349926}.Debug|Any CPU.Build.0 = Debug|Any CPU
		{0AEBF2AA-5547-4714-88C1-6F8016349926}.Debug|x64.ActiveCfg = Debug|Any CPU
		{0AEBF2AA-5547-4714-88C1-6F8016349926}.Debug|x64.Build.0 = Debug|Any CPU
		{0AEBF2AA-5547-4714-88C1-6F8016349926}.Debug|x86.ActiveCfg = Debug|Any CPU
		{0AEBF2AA-5547-4714-88C1-6F8016349926}.Debug|x86.Build.0 = Debug|Any CPU
		{0AEBF2AA-5547-4714-88C1-6F8016349926}.Release|Any CPU.ActiveCfg = Release|Any CPU
		{0AEBF2AA-5547-4714-88C1-6F8016349926}.Release|Any CPU.Build.0 = Release|Any CPU
		{0AEBF2AA-5547-4714-88C1-6F8016349926}.Release|x64.ActiveCfg = Release|Any CPU
		{0AEBF2AA-5547-4714-88C1-6F8016349926}.Release|x64.Build.0 = Release|Any CPU
		{0AEBF2AA-5547-4714-88C1-6F8016349926}.Release|x86.ActiveCfg = Release|Any CPU
		{0AEBF2AA-5547-4714-88C1-6F8016349926}.Release|x86.Build.0 = Release|Any CPU
	EndGlobalSection
EndGlobal
